# THIS IS AN AUTOGENERATED FILE. DO NOT EDIT THIS FILE DIRECTLY.
# yarn lockfile v1


"@cfworker/json-schema@^4.0.2":
  version "4.1.1"
  resolved "https://registry.npmjs.org/@cfworker/json-schema/-/json-schema-4.1.1.tgz"
  integrity sha512-gAmrUZSGtKc3AiBL71iNWxDsyUC5uMaKKGdvzYsBoTW/xi42JQHl7eKV2OYzCUqvc+D2RCcf7EXY2iCyFIk6og==

"@langchain/core@^1.0.0", "@langchain/core@^1.1.44", "@langchain/core@^1.1.48":
  version "1.1.48"
  resolved "https://registry.npmjs.org/@langchain/core/-/core-1.1.48.tgz"
  integrity sha512-fQU6Guyb1pwc2fEplmA8FPbKfOMAofjnyJzExevro0FxEiuGHE18Ov/ZHmT9trWCDTZRI9eW1VIc6aChxV8pAQ==
  dependencies:
    "@cfworker/json-schema" "^4.0.2"
    "@standard-schema/spec" "^1.1.0"
    js-tiktoken "^1.0.12"
    langsmith ">=0.5.0 <1.0.0"
    mustache "^4.2.0"
    p-queue "^6.6.2"
    zod "^3.25.76 || ^4"

"@langchain/groq@^1.2.1":
  version "1.2.1"
  resolved "https://registry.npmjs.org/@langchain/groq/-/groq-1.2.1.tgz"
  integrity sha512-K3QK3lVTUqxheA9u8upwN0cu04cySyaoKRmnN3vp5fEWQjzm08TYEv6FypyVEcEx0ZzBrHaYKsZIZKZSINN3RQ==
  dependencies:
    groq-sdk "^1.1.2"

"@langchain/langgraph-checkpoint@^1.0.1", "@langchain/langgraph-checkpoint@^1.0.4":
  version "1.0.4"
  resolved "https://registry.npmjs.org/@langchain/langgraph-checkpoint/-/langgraph-checkpoint-1.0.4.tgz"
  integrity sha512-1y5MgZ0gXXrtmoy56e3kaBChI3GwFPIKl27xkrHwN+VE/3iUsyr9gO3Jtp7kdKAe6diZGbcas5bdC/r0yUwTZA==
  dependencies:
    uuid "^14.0.0"

"@langchain/langgraph-sdk@~1.9.17":
  version "1.9.17"
  resolved "https://registry.npmjs.org/@langchain/langgraph-sdk/-/langgraph-sdk-1.9.17.tgz"
  integrity sha512-PTupI0q5V/888t1oEQI3Bckh+MzT8oGLr7BNpt5c3yKzSW9DAR3aH63uCg9fYfTyceEjCnqLRld5K4oMw4V0Xw==
  dependencies:
    "@langchain/protocol" "^0.0.16"
    "@types/json-schema" "^7.0.15"
    p-queue "^9.0.1"
    p-retry "^7.1.1"
    uuid "^14.0.0"

"@langchain/langgraph@^1.3.2":
  version "1.3.6"
  resolved "https://registry.npmjs.org/@langchain/langgraph/-/langgraph-1.3.6.tgz"
  integrity sha512-OlpIhaMYs2IlN5hCGUMF9B/jgVacLK5nYbwri1AQatB+CcFIk1xVi9jHcD+fkAtn+7ExFbwiOAAdhuGeWQA9BA==
  dependencies:
    "@langchain/langgraph-checkpoint" "^1.0.4"
    "@langchain/langgraph-sdk" "~1.9.17"
    "@langchain/protocol" "^0.0.16"
    "@standard-schema/spec" "1.1.0"
    uuid "^14.0.0"

"@langchain/protocol@^0.0.16":
  version "0.0.16"
  resolved "https://registry.npmjs.org/@langchain/protocol/-/protocol-0.0.16.tgz"
  integrity sha512-ws+J7MaHyhO5dG7f0vdyHQiUn9hoCnki0f3crJPa4MCTGzcRC39jYSCghyrGtBPYQnZbUQiGyRVpW3z3M8IpJg==

"@mongodb-js/saslprep@^1.3.0":
  version "1.4.11"
  dependencies:
    sparse-bitfield "^3.0.3"

"@standard-schema/spec@^1.1.0", "@standard-schema/spec@1.1.0":
  version "1.1.0"
  resolved "https://registry.npmjs.org/@standard-schema/spec/-/spec-1.1.0.tgz"
  integrity sha512-l2aFy5jALhniG5HgqrD6jXLi/rUWrKvqN/qJx6yoJsgKhblVd+iqqU4RCXavm/jPityDo5TCvKMnpjKnOriy0w==

"@types/json-schema@^7.0.15":
  version "7.0.15"
  resolved "https://registry.npmjs.org/@types/json-schema/-/json-schema-7.0.15.tgz"
  integrity sha512-5+fP8P8MFNC+AyZCDxrB2pkZFPGzqQWUzpSeuuVLvm8VMcorNYavBqoFcxK8bQz4Qsbn4oUEEem4wDLfcysGHA==

"@types/webidl-conversions@*":
  version "7.0.3"

"@types/whatwg-url@^13.0.0":
  version "13.0.0"
  dependencies:
    "@types/webidl-conversions" "*"

accepts@^2.0.0:
  version "2.0.0"
  dependencies:
    mime-types "^3.0.0"
    negotiator "^1.0.0"

anymatch@~3.1.2:
  version "3.1.3"
  dependencies:
    normalize-path "^3.0.0"
    picomatch "^2.0.4"

balanced-match@^4.0.2:
  version "4.0.4"

base64-js@^1.5.1:
  version "1.5.1"
  resolved "https://registry.npmjs.org/base64-js/-/base64-js-1.5.1.tgz"
  integrity sha512-AKpaYlHn8t4SVbOHCy+b5+KKgvR4vrsD8vbvrbiQJps7fKDTkjkDry6ji0rUJjC0kzbNePLwzxq8iypo41qeWA==

bcryptjs@^3.0.3:
  version "3.0.3"

binary-extensions@^2.0.0:
  version "2.3.0"

body-parser@^2.2.1:
  version "2.2.2"
  dependencies:
    bytes "^3.1.2"
    content-type "^1.0.5"
    debug "^4.4.3"
    http-errors "^2.0.0"
    iconv-lite "^0.7.0"
    on-finished "^2.4.1"
    qs "^6.14.1"
    raw-body "^3.0.1"
    type-is "^2.0.1"

brace-expansion@^5.0.5:
  version "5.0.6"
  resolved "https://registry.npmjs.org/brace-expansion/-/brace-expansion-5.0.6.tgz"
  integrity sha512-kLpxurY4Z4r9sgMsyG0Z9uzsBlgiU/EFKhj/h91/8yHu0edo7XuixOIH3VcJ8kkxs6/jPzoI6U9Vj3WqbMQ94g==
  dependencies:
    balanced-match "^4.0.2"

braces@~3.0.2:
  version "3.0.3"
  dependencies:
    fill-range "^7.1.1"

bson@^7.2.0:
  version "7.2.0"

buffer-equal-constant-time@^1.0.1:
  version "1.0.1"

bytes@^3.1.2, bytes@~3.1.2:
  version "3.1.2"

call-bind-apply-helpers@^1.0.1, call-bind-apply-helpers@^1.0.2:
  version "1.0.2"
  dependencies:
    es-errors "^1.3.0"
    function-bind "^1.1.2"

call-bound@^1.0.2:
  version "1.0.4"
  dependencies:
    call-bind-apply-helpers "^1.0.2"
    get-intrinsic "^1.3.0"

chokidar@^3.5.2:
  version "3.6.0"
  dependencies:
    anymatch "~3.1.2"
    braces "~3.0.2"
    glob-parent "~5.1.2"
    is-binary-path "~2.1.0"
    is-glob "~4.0.1"
    normalize-path "~3.0.0"
    readdirp "~3.6.0"
  optionalDependencies:
    fsevents "~2.3.2"

content-disposition@^1.0.0:
  version "1.1.0"

content-type@^1.0.5:
  version "1.0.5"

cookie-signature@^1.2.1:
  version "1.2.2"

cookie@^0.7.1:
  version "0.7.2"

cors@^2.8.6:
  version "2.8.6"
  dependencies:
    object-assign "^4"
    vary "^1"

debug@^4, debug@^4.4.0, debug@^4.4.3:
  version "4.4.3"
  dependencies:
    ms "^2.1.3"

depd@^2.0.0, depd@~2.0.0:
  version "2.0.0"

dunder-proto@^1.0.1:
  version "1.0.1"
  dependencies:
    call-bind-apply-helpers "^1.0.1"
    es-errors "^1.3.0"
    gopd "^1.2.0"

ecdsa-sig-formatter@1.0.11:
  version "1.0.11"
  dependencies:
    safe-buffer "^5.0.1"

ee-first@1.1.1:
  version "1.1.1"

encodeurl@^2.0.0:
  version "2.0.0"

es-define-property@^1.0.1:
  version "1.0.1"

es-errors@^1.3.0:
  version "1.3.0"

es-object-atoms@^1.0.0, es-object-atoms@^1.1.1:
  version "1.1.1"
  dependencies:
    es-errors "^1.3.0"

escape-html@^1.0.3:
  version "1.0.3"

etag@^1.8.1:
  version "1.8.1"

eventemitter3@^4.0.4:
  version "4.0.7"
  resolved "https://registry.npmjs.org/eventemitter3/-/eventemitter3-4.0.7.tgz"
  integrity sha512-8guHBZCwKnFhYdHr2ysuRWErTwhoN2X8XELRlrRwpmfeY2jjuUN4taQMsULKUVo1K4DvZl+0pgfyoysHxvmvEw==

eventemitter3@^5.0.4:
  version "5.0.4"
  resolved "https://registry.npmjs.org/eventemitter3/-/eventemitter3-5.0.4.tgz"
  integrity sha512-mlsTRyGaPBjPedk6Bvw+aqbsXDtoAyAzm5MO7JgU+yVRyMQ5O8bD4Kcci7BS85f93veegeCPkL8R4GLClnjLFw==

express@^5.2.1:
  version "5.2.1"
  dependencies:
    accepts "^2.0.0"
    body-parser "^2.2.1"
    content-disposition "^1.0.0"
    content-type "^1.0.5"
    cookie "^0.7.1"
    cookie-signature "^1.2.1"
    debug "^4.4.0"
    depd "^2.0.0"
    encodeurl "^2.0.0"
    escape-html "^1.0.3"
    etag "^1.8.1"
    finalhandler "^2.1.0"
    fresh "^2.0.0"
    http-errors "^2.0.0"
    merge-descriptors "^2.0.0"
    mime-types "^3.0.0"
    on-finished "^2.4.1"
    once "^1.4.0"
    parseurl "^1.3.3"
    proxy-addr "^2.0.7"
    qs "^6.14.0"
    range-parser "^1.2.1"
    router "^2.2.0"
    send "^1.1.0"
    serve-static "^2.2.0"
    statuses "^2.0.1"
    type-is "^2.0.1"
    vary "^1.1.2"

fill-range@^7.1.1:
  version "7.1.1"
  dependencies:
    to-regex-range "^5.0.1"

finalhandler@^2.1.0:
  version "2.1.1"
  dependencies:
    debug "^4.4.0"
    encodeurl "^2.0.0"
    escape-html "^1.0.3"
    on-finished "^2.4.1"
    parseurl "^1.3.3"
    statuses "^2.0.1"

forwarded@0.2.0:
  version "0.2.0"

fresh@^2.0.0:
  version "2.0.0"

function-bind@^1.1.2:
  version "1.1.2"

get-intrinsic@^1.2.5, get-intrinsic@^1.3.0:
  version "1.3.0"
  dependencies:
    call-bind-apply-helpers "^1.0.2"
    es-define-property "^1.0.1"
    es-errors "^1.3.0"
    es-object-atoms "^1.1.1"
    function-bind "^1.1.2"
    get-proto "^1.0.1"
    gopd "^1.2.0"
    has-symbols "^1.1.0"
    hasown "^2.0.2"
    math-intrinsics "^1.1.0"

get-proto@^1.0.1:
  version "1.0.1"
  dependencies:
    dunder-proto "^1.0.1"
    es-object-atoms "^1.0.0"

glob-parent@~5.1.2:
  version "5.1.2"
  dependencies:
    is-glob "^4.0.1"

gopd@^1.2.0:
  version "1.2.0"

groq-sdk@^1.1.2, groq-sdk@^1.2.1:
  version "1.2.1"
  resolved "https://registry.npmjs.org/groq-sdk/-/groq-sdk-1.2.1.tgz"
  integrity sha512-dsDSWJRJf+n2dPiCv7zU3IsJbrh7jfSPqi6vc1q0TTK1oUF6bn+wv4P2VFdynkHpuJ0TTJ57vlpT87judPgVPA==

has-flag@^3.0.0:
  version "3.0.0"

has-symbols@^1.1.0:
  version "1.1.0"

hasown@^2.0.2:
  version "2.0.3"
  dependencies:
    function-bind "^1.1.2"

http-errors@^2.0.0, http-errors@^2.0.1, http-errors@~2.0.1:
  version "2.0.1"
  dependencies:
    depd "~2.0.0"
    inherits "~2.0.4"
    setprototypeof "~1.2.0"
    statuses "~2.0.2"
    toidentifier "~1.0.1"

iconv-lite@^0.7.0, iconv-lite@~0.7.0:
  version "0.7.2"
  dependencies:
    safer-buffer ">= 2.1.2 < 3.0.0"

ignore-by-default@^1.0.1:
  version "1.0.1"

inherits@~2.0.4:
  version "2.0.4"

ipaddr.js@1.9.1:
  version "1.9.1"

is-binary-path@~2.1.0:
  version "2.1.0"
  dependencies:
    binary-extensions "^2.0.0"

is-extglob@^2.1.1:
  version "2.1.1"

is-glob@^4.0.1, is-glob@~4.0.1:
  version "4.0.3"
  dependencies:
    is-extglob "^2.1.1"

is-network-error@^1.1.0:
  version "1.3.2"
  resolved "https://registry.npmjs.org/is-network-error/-/is-network-error-1.3.2.tgz"
  integrity sha512-PhBY86zaxNZUuWP6h13Vu5oFe0XY6/UlKzQnYFELzGVHygP3MxmvTfYSG7GN3aIab/iWudSMgjSnG9Dq+nHrgA==

is-number@^7.0.0:
  version "7.0.0"

is-promise@^4.0.0:
  version "4.0.0"

js-tiktoken@^1.0.12:
  version "1.0.21"
  resolved "https://registry.npmjs.org/js-tiktoken/-/js-tiktoken-1.0.21.tgz"
  integrity sha512-biOj/6M5qdgx5TKjDnFT1ymSpM5tbd3ylwDtrQvFQSu0Z7bBYko2dF+W/aUkXUPuk6IVpRxk/3Q2sHOzGlS36g==
  dependencies:
    base64-js "^1.5.1"

jsonwebtoken@^9.0.3:
  version "9.0.3"
  dependencies:
    jws "^4.0.1"
    lodash.includes "^4.3.0"
    lodash.isboolean "^3.0.3"
    lodash.isinteger "^4.0.4"
    lodash.isnumber "^3.0.3"
    lodash.isplainobject "^4.0.6"
    lodash.isstring "^4.0.1"
    lodash.once "^4.0.0"
    ms "^2.1.1"
    semver "^7.5.4"

jwa@^2.0.1:
  version "2.0.1"
  dependencies:
    buffer-equal-constant-time "^1.0.1"
    ecdsa-sig-formatter "1.0.11"
    safe-buffer "^5.0.1"

jws@^4.0.1:
  version "4.0.1"
  dependencies:
    jwa "^2.0.1"
    safe-buffer "^5.0.1"

kareem@3.3.0:
  version "3.3.0"

langchain@^1.4.4:
  version "1.4.4"
  resolved "https://registry.npmjs.org/langchain/-/langchain-1.4.4.tgz"
  integrity sha512-tepOCwUDaIZOYJ9Eo0O6o5dXEN/0KJheiFDnHHFL8Tx8rfkDLL4cOTSTln4Vpn9LpWzXYkjQ8lkHnnNDQWZPeg==
  dependencies:
    "@langchain/langgraph" "^1.3.2"
    "@langchain/langgraph-checkpoint" "^1.0.1"
    langsmith ">=0.5.0 <1.0.0"
    zod "^3.25.76 || ^4"

"langsmith@>=0.5.0 <1.0.0":
  version "0.7.5"
  resolved "https://registry.npmjs.org/langsmith/-/langsmith-0.7.5.tgz"
  integrity sha512-OeD6+yKtWwy6sAboq25kD5DICzYv7j2KgtV2n4LsJ8nU2LpEdt1UwbjA6BON/zTggmS/YjV2TtLTHd7VEJhtEA==
  dependencies:
    p-queue "6.6.2"

lodash.includes@^4.3.0:
  version "4.3.0"

lodash.isboolean@^3.0.3:
  version "3.0.3"

lodash.isinteger@^4.0.4:
  version "4.0.4"

lodash.isnumber@^3.0.3:
  version "3.0.3"

lodash.isplainobject@^4.0.6:
  version "4.0.6"

lodash.isstring@^4.0.1:
  version "4.0.1"

lodash.once@^4.0.0:
  version "4.1.1"

math-intrinsics@^1.1.0:
  version "1.1.0"

media-typer@^1.1.0:
  version "1.1.0"

memory-pager@^1.0.2:
  version "1.5.0"

merge-descriptors@^2.0.0:
  version "2.0.0"

mime-db@^1.54.0:
  version "1.54.0"

mime-types@^3.0.0, mime-types@^3.0.2:
  version "3.0.2"
  dependencies:
    mime-db "^1.54.0"

minimatch@^10.2.1:
  version "10.2.5"
  dependencies:
    brace-expansion "^5.0.5"

mongodb-connection-string-url@^7.0.0:
  version "7.0.1"
  dependencies:
    "@types/whatwg-url" "^13.0.0"
    whatwg-url "^14.1.0"

mongodb@~7.2:
  version "7.2.0"
  dependencies:
    "@mongodb-js/saslprep" "^1.3.0"
    bson "^7.2.0"
    mongodb-connection-string-url "^7.0.0"

mongoose@^9.2.4:
  version "9.6.1"
  dependencies:
    kareem "3.3.0"
    mongodb "~7.2"
    mpath "0.9.0"
    mquery "6.0.0"
    ms "2.1.3"
    sift "17.1.3"

mpath@0.9.0:
  version "0.9.0"

mquery@6.0.0:
  version "6.0.0"

ms@^2.1.1, ms@^2.1.3, ms@2.1.3:
  version "2.1.3"

mustache@^4.2.0:
  version "4.2.0"
  resolved "https://registry.npmjs.org/mustache/-/mustache-4.2.0.tgz"
  integrity sha512-71ippSywq5Yb7/tVYyGbkBggbU8H3u5Rz56fH60jGFgr8uHwxs+aSKeqmluIVzM0m0kB7xQjKS6qPfd0b2ZoqQ==

negotiator@^1.0.0:
  version "1.0.0"

nodemon@^3.1.14:
  version "3.1.14"
  dependencies:
    chokidar "^3.5.2"
    debug "^4"
    ignore-by-default "^1.0.1"
    minimatch "^10.2.1"
    pstree.remy "^1.1.8"
    semver "^7.5.3"
    simple-update-notifier "^2.0.0"
    supports-color "^5.5.0"
    touch "^3.1.0"
    undefsafe "^2.0.5"

normalize-path@^3.0.0, normalize-path@~3.0.0:
  version "3.0.0"

object-assign@^4:
  version "4.1.1"

object-inspect@^1.13.3, object-inspect@^1.13.4:
  version "1.13.4"

on-finished@^2.4.1:
  version "2.4.1"
  dependencies:
    ee-first "1.1.1"

once@^1.4.0:
  version "1.4.0"
  dependencies:
    wrappy "1"

p-finally@^1.0.0:
  version "1.0.0"
  resolved "https://registry.npmjs.org/p-finally/-/p-finally-1.0.0.tgz"
  integrity sha512-LICb2p9CB7FS+0eR1oqWnHhp0FljGLZCWBE9aix0Uye9W8LTQPwMTYVGWQWIw9RdQiDg4+epXQODwIYJtSJaow==

p-queue@^6.6.2, p-queue@6.6.2:
  version "6.6.2"
  resolved "https://registry.npmjs.org/p-queue/-/p-queue-6.6.2.tgz"
  integrity sha512-RwFpb72c/BhQLEXIZ5K2e+AhgNVmIejGlTgiB9MzZ0e93GRvqZ7uSi0dvRF7/XIXDeNkra2fNHBxTyPDGySpjQ==
  dependencies:
    eventemitter3 "^4.0.4"
    p-timeout "^3.2.0"

p-queue@^9.0.1:
  version "9.3.0"
  resolved "https://registry.npmjs.org/p-queue/-/p-queue-9.3.0.tgz"
  integrity sha512-7NED7xhQ74Ngp4JP/2e0VZHp7vSWfJfqeiR92jPgxsz6m0Se4P03YoTKa9dDXyZ3r6P616gUXttrB6nnHYKang==
  dependencies:
    eventemitter3 "^5.0.4"
    p-timeout "^7.0.0"

p-retry@^7.1.1:
  version "7.1.1"
  resolved "https://registry.npmjs.org/p-retry/-/p-retry-7.1.1.tgz"
  integrity sha512-J5ApzjyRkkf601HpEeykoiCvzHQjWxPAHhyjFcEUP2SWq0+35NKh8TLhpLw+Dkq5TZBFvUM6UigdE9hIVYTl5w==
  dependencies:
    is-network-error "^1.1.0"

p-timeout@^3.2.0:
  version "3.2.0"
  resolved "https://registry.npmjs.org/p-timeout/-/p-timeout-3.2.0.tgz"
  integrity sha512-rhIwUycgwwKcP9yTOOFK/AKsAopjjCakVqLHePO3CC6Mir1Z99xT+R63jZxAT5lFZLa2inS5h+ZS2GvR99/FBg==
  dependencies:
    p-finally "^1.0.0"

p-timeout@^7.0.0:
  version "7.0.1"
  resolved "https://registry.npmjs.org/p-timeout/-/p-timeout-7.0.1.tgz"
  integrity sha512-AxTM2wDGORHGEkPCt8yqxOTMgpfbEHqF51f/5fJCmwFC3C/zNcGT63SymH2ttOAaiIws2zVg4+izQCjrakcwHg==

parseurl@^1.3.3:
  version "1.3.3"

path-to-regexp@^8.0.0:
  version "8.4.2"

picomatch@^2.0.4, picomatch@^2.2.1:
  version "2.3.2"

proxy-addr@^2.0.7:
  version "2.0.7"
  dependencies:
    forwarded "0.2.0"
    ipaddr.js "1.9.1"

pstree.remy@^1.1.8:
  version "1.1.8"

punycode@^2.3.1:
  version "2.3.1"

qs@^6.14.0, qs@^6.14.1:
  version "6.15.2"
  resolved "https://registry.npmjs.org/qs/-/qs-6.15.2.tgz"
  integrity sha512-Rzq0KEyX/w/tEybncDgdkZrJgVUsUMk3xjh3t5bv3S1HTAtg+uOYt72+ZfwiQwKdysThkTBdL/rTi6HDmX9Ddw==
  dependencies:
    side-channel "^1.1.0"

range-parser@^1.2.1:
  version "1.2.1"

raw-body@^3.0.1:
  version "3.0.2"
  dependencies:
    bytes "~3.1.2"
    http-errors "~2.0.1"
    iconv-lite "~0.7.0"
    unpipe "~1.0.0"

readdirp@~3.6.0:
  version "3.6.0"
  dependencies:
    picomatch "^2.2.1"

router@^2.2.0:
  version "2.2.0"
  dependencies:
    debug "^4.4.0"
    depd "^2.0.0"
    is-promise "^4.0.0"
    parseurl "^1.3.3"
    path-to-regexp "^8.0.0"

safe-buffer@^5.0.1:
  version "5.2.1"

"safer-buffer@>= 2.1.2 < 3.0.0":
  version "2.1.2"

semver@^7.5.3, semver@^7.5.4:
  version "7.7.4"

send@^1.1.0, send@^1.2.0:
  version "1.2.1"
  dependencies:
    debug "^4.4.3"
    encodeurl "^2.0.0"
    escape-html "^1.0.3"
    etag "^1.8.1"
    fresh "^2.0.0"
    http-errors "^2.0.1"
    mime-types "^3.0.2"
    ms "^2.1.3"
    on-finished "^2.4.1"
    range-parser "^1.2.1"
    statuses "^2.0.2"

serve-static@^2.2.0:
  version "2.2.1"
  dependencies:
    encodeurl "^2.0.0"
    escape-html "^1.0.3"
    parseurl "^1.3.3"
    send "^1.2.0"

setprototypeof@~1.2.0:
  version "1.2.0"

side-channel-list@^1.0.0:
  version "1.0.1"
  dependencies:
    es-errors "^1.3.0"
    object-inspect "^1.13.4"

side-channel-map@^1.0.1:
  version "1.0.1"
  dependencies:
    call-bound "^1.0.2"
    es-errors "^1.3.0"
    get-intrinsic "^1.2.5"
    object-inspect "^1.13.3"

side-channel-weakmap@^1.0.2:
  version "1.0.2"
  dependencies:
    call-bound "^1.0.2"
    es-errors "^1.3.0"
    get-intrinsic "^1.2.5"
    object-inspect "^1.13.3"
    side-channel-map "^1.0.1"

side-channel@^1.1.0:
  version "1.1.0"
  dependencies:
    es-errors "^1.3.0"
    object-inspect "^1.13.3"
    side-channel-list "^1.0.0"
    side-channel-map "^1.0.1"
    side-channel-weakmap "^1.0.2"

sift@17.1.3:
  version "17.1.3"

simple-update-notifier@^2.0.0:
  version "2.0.0"
  dependencies:
    semver "^7.5.3"

sparse-bitfield@^3.0.3:
  version "3.0.3"
  dependencies:
    memory-pager "^1.0.2"

statuses@^2.0.1, statuses@^2.0.2, statuses@~2.0.2:
  version "2.0.2"

supports-color@^5.5.0:
  version "5.5.0"
  dependencies:
    has-flag "^3.0.0"

to-regex-range@^5.0.1:
  version "5.0.1"
  dependencies:
    is-number "^7.0.0"

toidentifier@~1.0.1:
  version "1.0.1"

touch@^3.1.0:
  version "3.1.1"

tr46@^5.1.0:
  version "5.1.1"
  dependencies:
    punycode "^2.3.1"

type-is@^2.0.1:
  version "2.0.1"
  dependencies:
    content-type "^1.0.5"
    media-typer "^1.1.0"
    mime-types "^3.0.0"

undefsafe@^2.0.5:
  version "2.0.5"

unpipe@~1.0.0:
  version "1.0.0"

uuid@^14.0.0:
  version "14.0.0"
  resolved "https://registry.npmjs.org/uuid/-/uuid-14.0.0.tgz"
  integrity sha512-Qo+uWgilfSmAhXCMav1uYFynlQO7fMFiMVZsQqZRMIXp0O7rR7qjkj+cPvBHLgBqi960QCoo/PH2/6ZtVqKvrg==

vary@^1, vary@^1.1.2:
  version "1.1.2"

webidl-conversions@^7.0.0:
  version "7.0.0"

whatwg-url@^14.1.0:
  version "14.2.0"
  dependencies:
    tr46 "^5.1.0"
    webidl-conversions "^7.0.0"

wrappy@1:
  version "1.0.2"

"zod@^3.25.32 || ^4.2.0", "zod@^3.25.76 || ^4":
  version "4.4.3"
  resolved "https://registry.npmjs.org/zod/-/zod-4.4.3.tgz"
  integrity sha512-ytENFjIJFl2UwYglde2jchW2Hwm4GJFLDiSXWdTrJQBIN9Fcyp7n4DhxJEiWNAJMV1/BqWfW/kkg71UDcHJyTQ==
